
Microsoft Visual Studio Solution File, Format Version 12.00
# Visual Studio 15
VisualStudioVersion = 15.0.26124.0
MinimumVisualStudioVersion = 15.0.26124.0
Project("{FAE04EC0-301F-11D3-BF4B-00C04F79EFBC}") = "Domain", "Domain\Domain.csproj", "{69010663-1159-40B1-8D05-894755EA5F9B}"
EndProject
Project("{FAE04EC0-301F-11D3-BF4B-00C04F79EFBC}") = "API", "API\API.csproj", "{509CA436-B268-4738-8274-D685BC7EF89E}"
EndProject
Project("{FAE04EC0-301F-11D3-BF4B-00C04F79EFBC}") = "Application", "Application\Application.csproj", "{8A759DEC-933A-44CA-9263-5FC1E3A1F093}"
EndProject
Project("{FAE04EC0-301F-11D3-BF4B-00C04F79EFBC}") = "Persistence", "Persistence\Persistence.csproj", "{D32C4F1D-13D9-4A98-8DE5-ED7DDDCC6F7E}"
EndProject
Global
	GlobalSection(SolutionConfigurationPlatforms) = preSolution
		Debug|Any CPU = Debug|Any CPU
		Debug|x64 = Debug|x64
		Debug|x86 = Debug|x86
		Release|Any CPU = Release|Any CPU
		Release|x64 = Release|x64
		Release|x86 = Release|x86
	EndGlobalSection
	GlobalSection(SolutionProperties) = preSolution
		HideSolutionNode = FALSE
	EndGlobalSection
	GlobalSection(ProjectConfigurationPlatforms) = postSolution
		{69010663-1159-40B1-8D05-894755EA5F9B}.Debug|Any CPU.ActiveCfg = Debug|Any CPU
		{69010663-1159-40B1-8D05-894755EA5F9B}.Debug|Any CPU.Build.0 = Debug|Any CPU
		{69010663-1159-40B1-8D05-894755EA5F9B}.Debug|x64.ActiveCfg = Debug|Any CPU
		{69010663-1159-40B1-8D05-894755EA5F9B}.Debug|x64.Build.0 = Debug|Any CPU
		{69010663-1159-40B1-8D05-894755EA5F9B}.Debug|x86.ActiveCfg = Debug|Any CPU
		{69010663-1159-40B1-8D05-894755EA5F9B}.Debug|x86.Build.0 = Debug|Any CPU
		{69010663-1159-40B1-8D05-894755EA5F9B}.Release|Any CPU.ActiveCfg = Release|Any CPU
		{69010663-1159-40B1-8D05-894755EA5F9B}.Release|Any CPU.Build.0 = Release|Any CPU
		{69010663-1159-40B1-8D05-894755EA5F9B}.Release|x64.ActiveCfg = Release|Any CPU
		{69010663-1159-40B1-8D05-894755EA5F9B}.Release|x64.Build.0 = Release|Any CPU
		{69010663-1159-40B1-8D05-894755EA5F9B}.Release|x86.ActiveCfg = Release|Any CPU
		{69010663-1159-40B1-8D05-894755EA5F9B}.Release|x86.Build.0 = Release|Any CPU
		{509CA436-B268-4738-8274-D685BC7EF89E}.Debug|Any CPU.ActiveCfg = Debug|Any CPU
		{509CA436-B268-4738-8274-D685BC7EF89E}.Debug|Any CPU.Build.0 = Debug|Any CPU
		{509CA436-B268-4738-8274-D685BC7EF89E}.Debug|x64.ActiveCfg = Debug|Any CPU
		{509CA436-B268-4738-8274-D685BC7EF89E}.Debug|x64.Build.0 = Debug|Any CPU
		{509CA436-B268-4738-8274-D685BC7EF89E}.Debug|x86.ActiveCfg = Debug|Any CPU
		{509CA436-B268-4738-8274-D685BC7EF89E}.Debug|x86.Build.0 = Debug|Any CPU
		{509CA436-B268-4738-8274-D685BC7EF89E}.Release|Any CPU.ActiveCfg = Release|Any CPU
		{509CA436-B268-4738-8274-D685BC7EF89E}.Release|Any CPU.Build.0 = Release|Any CPU
		{509CA436-B268-4738-8274-D685BC7EF89E}.Release|x64.ActiveCfg = Release|Any CPU
		{509CA436-B268-4738-8274-D685BC7EF89E}.Release|x64.Build.0 = Release|Any CPU
		{509CA436-B268-4738-8274-D685BC7EF89E}.Release|x86.ActiveCfg = Release|Any CPU
		{509CA436-B268-4738-8274-D685BC7EF89E}.Release|x86.Build.0 = Release|Any CPU
		{8A759DEC-933A-44CA-9263-5FC1E3A1F093}.Debug|Any CPU.ActiveCfg = Debug|Any CPU
		{8A759DEC-933A-44CA-9263-5FC1E3A1F093}.Debug|Any CPU.Build.0 = Debug|Any CPU
		{8A759DEC-933A-44CA-9263-5FC1E3A1F093}.Debug|x64.ActiveCfg = Debug|Any CPU
		{8A759DEC-933A-44CA-9263-5FC1E3A1F093}.Debug|x64.Build.0 = Debug|Any CPU
		{8A759DEC-933A-44CA-9263-5FC1E3A1F093}.Debug|x86.ActiveCfg = Debug|Any CPU
		{8A759DEC-933A-44CA-9263-5FC1E3A1F093}.Debug|x86.Build.0 = Debug|Any CPU
		{8A759DEC-933A-44CA-9263-5FC1E3A1F093}.Release|Any CPU.ActiveCfg = Release|Any CPU
		{8A759DEC-933A-44CA-9263-5FC1E3A1F093}.Release|Any CPU.Build.0 = Release|Any CPU
		{8A759DEC-933A-44CA-9263-5FC1E3A1F093}.Release|x64.ActiveCfg = Release|Any CPU
		{8A759DEC-933A-44CA-9263-5FC1E3A1F093}.Release|x64.Build.0 = Release|Any CPU
		{8A759DEC-933A-44CA-9263-5FC1E3A1F093}.Release|x86.ActiveCfg = Release|Any CPU
		{8A759DEC-933A-44CA-9263-5FC1E3A1F093}.Release|x86.Build.0 = Release|Any CPU
		{D32C4F1D-13D9-4A98-8DE5-ED7DDDCC6F7E}.Debug|Any CPU.ActiveCfg = Debug|Any CPU
		{D32C4F1D-13D9-4A98-8DE5-ED7DDDCC6F7E}.Debug|Any CPU.Build.0 = Debug|Any CPU
		{D32C4F1D-13D9-4A98-8DE5-ED7DDDCC6F7E}.Debug|x64.ActiveCfg = Debug|Any CPU
		{D32C4F1D-13D9-4A98-8DE5-ED7DDDCC6F7E}.Debug|x64.Build.0 = Debug|Any CPU
		{D32C4F1D-13D9-4A98-8DE5-ED7DDDCC6F7E}.Debug|x86.ActiveCfg = Debug|Any CPU
		{D32C4F1D-13D9-4A98-8DE5-ED7DDDCC6F7E}.Debug|x86.Build.0 = Debug|Any CPU
		{D32C4F1D-13D9-4A98-8DE5-ED7DDDCC6F7E}.Release|Any CPU.ActiveCfg = Release|Any CPU
		{D32C4F1D-13D9-4A98-8DE5-ED7DDDCC6F7E}.Release|Any CPU.Build.0 = Release|Any CPU
		{D32C4F1D-13D9-4A98-8DE5-ED7DDDCC6F7E}.Release|x64.ActiveCfg = Release|Any CPU
		{D32C4F1D-13D9-4A98-8DE5-ED7DDDCC6F7E}.Release|x64.Build.0 = Release|Any CPU
		{D32C4F1D-13D9-4A98-8DE5-ED7DDDCC6F7E}.Release|x86.ActiveCfg = Release|Any CPU
		{D32C4F1D-13D9-4A98-8DE5-ED7DDDCC6F7E}.Release|x86.Build.0 = Release|Any CPU
	EndGlobalSection
EndGlobal
